// !$*UTF8*$!
{
	archiveVersion = 1;
	classes = {
	};
	objectVersion = 46;
	objects = {

/* Begin PBXBuildFile section */
		054A609A1EB0A35C00AFB1FA /* AppDelegate.swift in Sources */ = {isa = PBXBuildFile; fileRef = 054A60991EB0A35C00AFB1FA /* AppDelegate.swift */; };
		054A609C1EB0A35C00AFB1FA /* ViewController.swift in Sources */ = {isa = PBXBuildFile; fileRef = 054A609B1EB0A35C00AFB1FA /* ViewController.swift */; };
		054A609F1EB0A35C00AFB1FA /* Main.storyboard in Resources */ = {isa = PBXBuildFile; fileRef = 054A609D1EB0A35C00AFB1FA /* Main.storyboard */; };
		054A60A11EB0A35C00AFB1FA /* Assets.xcassets in Resources */ = {isa = PBXBuildFile; fileRef = 054A60A01EB0A35C00AFB1FA /* Assets.xcassets */; };
		054A60A41EB0A35C00AFB1FA /* LaunchScreen.storyboard in Resources */ = {isa = PBXBuildFile; fileRef = 054A60A21EB0A35C00AFB1FA /* LaunchScreen.storyboard */; };
/* End PBXBuildFile section */

/* Begin PBXFileReference section */
		054A60961EB0A35C00AFB1FA /* practice.app */ = {isa = PBXFileReference; explicitFileType = wrapper.application; includeInIndex = 0; path = practice.app; sourceTree = BUILT_PRODUCTS_DIR; };
		054A60991EB0A35C00AFB1FA /* AppDelegate.swift */ = {isa = PBXFileReference; lastKnownFileType = sourcecode.swift; path = AppDelegate.swift; sourceTree = "<group>"; };
		054A609B1EB0A35C00AFB1FA /* ViewController.swift */ = {isa = PBXFileReference; lastKnownFileType = sourcecode.swift; path = ViewController.swift; sourceTree = "<group>"; };
		054A609E1EB0A35C00AFB1FA /* Base */ = {isa = PBXFileReference; lastKnownFileType = file.storyboard; name = Base; path = Base.lproj/Main.storyboard; sourceTree = "<group>"; };
		054A60A01EB0A35C00AFB1FA /* Assets.xcassets */ = {isa = PBXFileReference; lastKnownFileType = folder.assetcatalog; path = Assets.xcassets; sourceTree = "<group>"; };
		054A60A31EB0A35C00AFB1FA /* Base */ = {isa = PBXFileReference; lastKnownFileType = file.storyboard; name = Base; path = Base.lproj/LaunchScreen.storyboard; sourceTree = "<group>"; };
		054A60A51EB0A35C00AFB1FA /* Info.plist */ = {isa = PBXFileReference; lastKnownFileType = text.plist.xml; path = Info.plist; sourceTree = "<group>"; };
/* End PBXFileReference section */

/* Begin PBXFrameworksBuildPhase section */
		054A60931EB0A35C00AFB1FA /* Frameworks */ = {
			isa = PBXFrameworksBuildPhase;
			buildActionMask = 2147483647;
			files = (
			);
			runOnlyForDeploymentPostprocessing = 0;
		};
/* End PBXFrameworksBuildPhase section */

/* Begin PBXGroup section */
		054A608D1EB0A35C00AFB1FA = {
			isa = PBXGroup;
			children = (
				054A60981EB0A35C00AFB1FA /* practice */,
				054A60971EB0A35C00AFB1FA /* Products */,
			);
			sourceTree = "<group>";
		};
		054A60971EB0A35C00AFB1FA /* Products */ = {
			isa = PBXGroup;
			children = (
				054A60961EB0A35C00AFB1FA /* practice.app */,
			);
			name = Products;
			sourceTree = "<group>";
		};
		054A60981EB0A35C00AFB1FA /* practice */ = {
			isa = PBXGroup;
			children = (
				054A60991EB0A35C00AFB1FA /* AppDelegate.swift */,
				054A609B1EB0A35C00AFB1FA /* ViewController.swift */,
				054A609D1EB0A35C00AFB1FA /* Main.storyboard */,
				054A60A01EB0A35C00AFB1FA /* Assets.xcassets */,
				054A60A21EB0A35C00AFB1FA /* LaunchScreen.storyboard */,
				054A60A51EB0A35C00AFB1FA /* Info.plist */,
			);
			path = practice;
			sourceTree = "<group>";
		};
/* End PBXGroup section */

/* Begin PBXNativeTarget section */
		054A60951EB0A35C00AFB1FA /* practice */ = {
			isa = PBXNativeTarget;
			buildConfigurationList = 054A60A81EB0A35C00AFB1FA /* Build configuration list for PBXNativeTarget "practice" */;
			buildPhases = (
				054A60921EB0A35C00AFB1FA /* Sources */,
				054A60931EB0A35C00AFB1FA /* Frameworks */,
				054A60941EB0A35C00AFB1FA /* Resources */,
			);
			buildRules = (
			);
			dependencies = (
			);
			name = practice;
			productName = practice;
			productReference = 054A60961EB0A35C00AFB1FA /* practice.app */;
			productType = "com.apple.product-type.application";
		};
/* End PBXNativeTarget section */

/* Begin PBXProject section */
		054A608E1EB0A35C00AFB1FA /* Project object */ = {
			isa = PBXProject;
			attributes = {
				LastSwiftUpdateCheck = 0820;
				LastUpgradeCheck = 0820;
				ORGANIZATIONNAME = "SkytTech Enterprise";
				TargetAttributes = {
					054A60951EB0A35C00AFB1FA = {
						CreatedOnToolsVersion = 8.2.1;
						DevelopmentTeam = 66F5YWBPBW;
						ProvisioningStyle = Automatic;
					};
				};
			};
			buildConfigurationList = 054A60911EB0A35C00AFB1FA /* Build configuration list for PBXProject "practice" */;
			compatibilityVersion = "Xcode 3.2";
			developmentRegion = English;
			hasScannedForEncodings = 0;
			knownRegions = (
				en,
				Base,
			);
			mainGroup = 054A608D1EB0A35C00AFB1FA;
			productRefGroup = 054A60971EB0A35C00AFB1FA /* Products */;
			projectDirPath = "";
			projectRoot = "";
			targets = (
				054A60951EB0A35C00AFB1FA /* practice */,
			);
		};
/* End PBXProject section */

/* Begin PBXResourcesBuildPhase section */
		054A60941EB0A35C00AFB1FA /* Resources */ = {
			isa = PBXResourcesBuildPhase;
			buildActionMask = 2147483647;
			files = (
				054A60A41EB0A35C00AFB1FA /* LaunchScreen.storyboard in Resources */,
				054A60A11EB0A35C00AFB1FA /* Assets.xcassets in Resources */,
				054A609F1EB0A35C00AFB1FA /* Main.storyboard in Resources */,
			);
			runOnlyForDeploymentPostprocessing = 0;
		};
/* End PBXResourcesBuildPhase section */

/* Begin PBXSourcesBuildPhase section */
		054A60921EB0A35C00AFB1FA /* Sources */ = {
			isa = PBXSourcesBuildPhase;
			buildActionMask = 2147483647;
			files = (
				054A609C1EB0A35C00AFB1FA /* ViewController.swift in Sources */,
				054A609A1EB0A35C00AFB1FA /* AppDelegate.swift in Sources */,
			);
			runOnlyForDeploymentPostprocessing = 0;
		};
/* End PBXSourcesBuildPhase section */

/* Begin PBXVariantGroup section */
		054A609D1EB0A35C00AFB1FA /* Main.storyboard */ = {
			isa = PBXVariantGroup;
			children = (
				054A609E1EB0A35C00AFB1FA /* Base */,
			);
			name = Main.storyboard;
			sourceTree = "<group>";
		};
		054A60A21EB0A35C00AFB1FA /* LaunchScreen.storyboard */ = {
			isa = PBXVariantGroup;
			children = (
				054A60A31EB0A35C00AFB1FA /* Base */,
			);
			name = LaunchScreen.storyboard;
			sourceTree = "<group>";
		};
/* End PBXVariantGroup section */

/* Begin XCBuildConfiguration section */
		054A60A61EB0A35C00AFB1FA /* Debug */ = {
			isa = XCBuildConfiguration;
			buildSettings = {
				ALWAYS_SEARCH_USER_PATHS = NO;
				CLANG_ANALYZER_NONNULL = YES;
				CLANG_CXX_LANGUAGE_STANDARD = "gnu++0x";
				CLANG_CXX_LIBRARY = "libc++";
				CLANG_ENABLE_MODULES = YES;
				CLANG_ENABLE_OBJC_ARC = YES;
				CLANG_WARN_BOOL_CONVERSION = YES;
				CLANG_WARN_CONSTANT_CONVERSION = YES;
				CLANG_WARN_DIRECT_OBJC_ISA_USAGE = YES_ERROR;
				CLANG_WARN_DOCUMENTATION_COMMENTS = YES;
				CLANG_WARN_EMPTY_BODY = YES;
				CLANG_WARN_ENUM_CONVERSION = YES;
				CLANG_WARN_INFINITE_RECURSION = YES;
				CLANG_WARN_INT_CONVERSION = YES;
				CLANG_WARN_OBJC_ROOT_CLASS = YES_ERROR;
				CLANG_WARN_SUSPICIOUS_MOVE = YES;
				CLANG_WARN_UNREACHABLE_CODE = YES;
				CLANG_WARN__DUPLICATE_METHOD_MATCH = YES;
				"CODE_SIGN_IDENTITY[sdk=iphoneos*]" = "iPhone Developer";
				COPY_PHASE_STRIP = NO;
				DEBUG_INFORMATION_FORMAT = dwarf;
				ENABLE_STRICT_OBJC_MSGSEND = YES;
				ENABLE_TESTABILITY = YES;
				GCC_C_LANGUAGE_STANDARD = gnu99;
				GCC_DYNAMIC_NO_PIC = NO;
				GCC_NO_COMMON_BLOCKS = YES;
				GCC_OPTIMIZATION_LEVEL = 0;
				GCC_PREPROCESSOR_DEFINITIONS = (
					"DEBUG=1",
					"$(inherited)",
				);
				GCC_WARN_64_TO_32_BIT_CONVERSION = YES;
				GCC_WARN_ABOUT_RETURN_TYPE = YES_ERROR;
				GCC_WARN_UNDECLARED_SELECTOR = YES;
				GCC_WARN_UNINITIALIZED_AUTOS = YES_AGGRESSIVE;
				GCC_WARN_UNUSED_FUNCTION = YES;
				GCC_WARN_UNUSED_VARIABLE = YES;
				IPHONEOS_DEPLOYMENT_TARGET = 10.2;
				MTL_ENABLE_DEBUG_INFO = YES;
				ONLY_ACTIVE_ARCH = YES;
				SDKROOT = iphoneos;
				SWIFT_ACTIVE_COMPILATION_CONDITIONS = DEBUG;
				SWIFT_OPTIMIZATION_LEVEL = "-Onone";
			};
			name = Debug;
		};
		054A60A71EB0A35C00AFB1FA /* Release */ = {
			isa = XCBuildConfiguration;
			buildSettings = {
				ALWAYS_SEARCH_USER_PATHS = NO;
				CLANG_ANALYZER_NONNULL = YES;
				CLANG_CXX_LANGUAGE_STANDARD = "gnu++0x";
				CLANG_CXX_LIBRARY = "libc++";
				CLANG_ENABLE_MODULES = YES;
				CLANG_ENABLE_OBJC_ARC = YES;
				CLANG_WARN_BOOL_CONVERSION = YES;
				CLANG_WARN_CONSTANT_CONVERSION = YES;
				CLANG_WARN_DIRECT_OBJC_ISA_USAGE = YES_ERROR;
				CLANG_WARN_DOCUMENTATION_COMMENTS = YES;
				CLANG_WARN_EMPTY_BODY = YES;
				CLANG_WARN_ENUM_CONVERSION = YES;
				CLANG_WARN_INFINITE_RECURSION = YES;
				CLANG_WARN_INT_CONVERSION = YES;
				CLANG_WARN_OBJC_ROOT_CLASS = YES_ERROR;
				CLANG_WARN_SUSPICIOUS_MOVE = YES;
				CLANG_WARN_UNREACHABLE_CODE = YES;
				CLANG_WARN__DUPLICATE_METHOD_MATCH = YES;
				"CODE_SIGN_IDENTITY[sdk=iphoneos*]" = "iPhone Developer";
				COPY_PHASE_STRIP = NO;
				DEBUG_INFORMATION_FORMAT = "dwarf-with-dsym";
				ENABLE_NS_ASSERTIONS = NO;
				ENABLE_STRICT_OBJC_MSGSEND = YES;
				GCC_C_LANGUAGE_STANDARD = gnu99;
				GCC_NO_COMMON_BLOCKS = YES;
				GCC_WARN_64_TO_32_BIT_CONVERSION = YES;
				GCC_WARN_ABOUT_RETURN_TYPE = YES_ERROR;
				GCC_WARN_UNDECLARED_SELECTOR = YES;
				GCC_WARN_UNINITIALIZED_AUTOS = YES_AGGRESSIVE;
				GCC_WARN_UNUSED_FUNCTION = YES;
				GCC_WARN_UNUSED_VARIABLE = YES;
				IPHONEOS_DEPLOYMENT_TARGET = 10.2;
				MTL_ENABLE_DEBUG_INFO = NO;
				SDKROOT = iphoneos;
				SWIFT_OPTIMIZATION_LEVEL = "-Owholemodule";
				VALIDATE_PRODUCT = YES;
			};
			name = Release;
		};
		054A60A91EB0A35C00AFB1FA /* Debug */ = {
			isa = XCBuildConfiguration;
			buildSettings = {
				ASSETCATALOG_COMPILER_APPICON_NAME = AppIcon;
				DEVELOPMENT_TEAM = 66F5YWBPBW;
				INFOPLIST_FILE = practice/Info.plist;
				LD_RUNPATH_SEARCH_PATHS = "$(inherited) @executable_path/Frameworks";
				PRODUCT_BUNDLE_IDENTIFIER = com.skytechenterprise.practice;
				PRODUCT_NAME = "$(TARGET_NAME)";
				SWIFT_VERSION = 3.0;
			};
			name = Debug;
		};
		054A60AA1EB0A35C00AFB1FA /* Release */ = {
			isa = XCBuildConfiguration;
			buildSettings = {
				ASSETCATALOG_COMPILER_APPICON_NAME = AppIcon;
				DEVELOPMENT_TEAM = 66F5YWBPBW;
				INFOPLIST_FILE = practice/Info.plist;
				LD_RUNPATH_SEARCH_PATHS = "$(inherited) @executable_path/Frameworks";
				PRODUCT_BUNDLE_IDENTIFIER = com.skytechenterprise.practice;
				PRODUCT_NAME = "$(TARGET_NAME)";
				SWIFT_VERSION = 3.0;
			};
			name = Release;
		};
/* End XCBuildConfiguration section */

/* Begin XCConfigurationList section */
		054A60911EB0A35C00AFB1FA /* Build configuration list for PBXProject "practice" */ = {
			isa = XCConfigurationList;
			buildConfigurations = (
				054A60A61EB0A35C00AFB1FA /* Debug */,
				054A60A71EB0A35C00AFB1FA /* Release */,
			);
			defaultConfigurationIsVisible = 0;
			defaultConfigurationName = Release;
		};
		054A60A81EB0A35C00AFB1FA /* Build configuration list for PBXNativeTarget "practice" */ = {
			isa = XCConfigurationList;
			buildConfigurations = (
				054A60A91EB0A35C00AFB1FA /* Debug */,
				054A60AA1EB0A35C00AFB1FA /* Release */,
			);
			defaultConfigurationIsVisible = 0;
		};
/* End XCConfigurationList section */
	};
	rootObject = 054A608E1EB0A35C00AFB1FA /* Project object */;
}
